
Microsoft Visual Studio Solution File, Format Version 12.00
# Visual Studio Version 17
VisualStudioVersion = 17.8.34525.116
MinimumVisualStudioVersion = 10.0.40219.1
Project("{9A19103F-16F7-4668-BE54-9A1E7A4F7556}") = "GS_LAB1", "GLW_LAB1\GS_LAB1.csproj", "{68425AD7-ADBF-4BB2-807F-A038BE50714F}"
EndProject
Global
	GlobalSection(SolutionConfigurationPlatforms) = preSolution
		Debug|Any CPU = Debug|Any CPU
		Release|Any CPU = Release|Any CPU
	EndGlobalSection
	GlobalSection(ProjectConfigurationPlatforms) = postSolution
		{68425AD7-ADBF-4BB2-807F-A038BE50714F}.Debug|Any CPU.ActiveCfg = Debug|Any CPU
		{68425AD7-ADBF-4BB2-807F-A038BE50714F}.Debug|Any CPU.Build.0 = Debug|Any CPU
		{68425AD7-ADBF-4BB2-807F-A038BE50714F}.Release|Any CPU.ActiveCfg = Release|Any CPU
		{68425AD7-ADBF-4BB2-807F-A038BE50714F}.Release|Any CPU.Build.0 = Release|Any CPU
	EndGlobalSection
	GlobalSection(SolutionProperties) = preSolution
		HideSolutionNode = FALSE
	EndGlobalSection
	GlobalSection(ExtensibilityGlobals) = postSolution
		SolutionGuid = {C0901DFB-7519-46B4-876B-C1EDFA298F06}
	EndGlobalSection
EndGlobal
